
Microsoft Visual Studio Solution File, Format Version 12.00
# Visual Studio 15
VisualStudioVersion = 15.0.28307.329
MinimumVisualStudioVersion = 10.0.40219.1
Project("{9A19103F-16F7-4668-BE54-9A1E7A4F7556}") = "TemperatureConverterApp", "EmployeManagementDemo\TemperatureConverterApp.csproj", "{F616921B-A387-48AE-A55F-8044DF8BC2B5}"
EndProject
Project("{9A19103F-16F7-4668-BE54-9A1E7A4F7556}") = "TemperatureConverter.BLL", "EmployeManagement.BLL\TemperatureConverter.BLL.csproj", "{75D30791-FC34-4064-A1B4-8C30B431B8F3}"
EndProject
Project("{9A19103F-16F7-4668-BE54-9A1E7A4F7556}") = "TemperatureConverterAPITest", "EmployeeManagementTest\TemperatureConverterAPITest.csproj", "{35ED4A4F-1926-4171-86C1-4AEDCF462E53}"
EndProject
Global
	GlobalSection(SolutionConfigurationPlatforms) = preSolution
		Debug|Any CPU = Debug|Any CPU
		Release|Any CPU = Release|Any CPU
	EndGlobalSection
	GlobalSection(ProjectConfigurationPlatforms) = postSolution
		{F616921B-A387-48AE-A55F-8044DF8BC2B5}.Debug|Any CPU.ActiveCfg = Debug|Any CPU
		{F616921B-A387-48AE-A55F-8044DF8BC2B5}.Debug|Any CPU.Build.0 = Debug|Any CPU
		{F616921B-A387-48AE-A55F-8044DF8BC2B5}.Release|Any CPU.ActiveCfg = Release|Any CPU
		{F616921B-A387-48AE-A55F-8044DF8BC2B5}.Release|Any CPU.Build.0 = Release|Any CPU
		{75D30791-FC34-4064-A1B4-8C30B431B8F3}.Debug|Any CPU.ActiveCfg = Debug|Any CPU
		{75D30791-FC34-4064-A1B4-8C30B431B8F3}.Debug|Any CPU.Build.0 = Debug|Any CPU
		{75D30791-FC34-4064-A1B4-8C30B431B8F3}.Release|Any CPU.ActiveCfg = Release|Any CPU
		{75D30791-FC34-4064-A1B4-8C30B431B8F3}.Release|Any CPU.Build.0 = Release|Any CPU
		{35ED4A4F-1926-4171-86C1-4AEDCF462E53}.Debug|Any CPU.ActiveCfg = Debug|Any CPU
		{35ED4A4F-1926-4171-86C1-4AEDCF462E53}.Debug|Any CPU.Build.0 = Debug|Any CPU
		{35ED4A4F-1926-4171-86C1-4AEDCF462E53}.Release|Any CPU.ActiveCfg = Release|Any CPU
		{35ED4A4F-1926-4171-86C1-4AEDCF462E53}.Release|Any CPU.Build.0 = Release|Any CPU
	EndGlobalSection
	GlobalSection(SolutionProperties) = preSolution
		HideSolutionNode = FALSE
	EndGlobalSection
	GlobalSection(ExtensibilityGlobals) = postSolution
		SolutionGuid = {C8305A08-6B75-45DC-AA43-3A5E1BD0D455}
	EndGlobalSection
EndGlobal
